
Microsoft Visual Studio Solution File, Format Version 12.00
# Visual Studio Version 16
VisualStudioVersion = 16.0.28803.352
MinimumVisualStudioVersion = 10.0.40219.1
Project("{8BC9CEB8-8B4A-11D0-8D11-00A0C91BC942}") = "entradasTeatro", "entradasTeatro\entradasTeatro.vcxproj", "{52CB69E8-4B6E-4EAF-8F8D-D415623C66E0}"
EndProject
Global
	GlobalSection(SolutionConfigurationPlatforms) = preSolution
		Debug|x64 = Debug|x64
		Debug|x86 = Debug|x86
		Release|x64 = Release|x64
		Release|x86 = Release|x86
	EndGlobalSection
	GlobalSection(ProjectConfigurationPlatforms) = postSolution
		{52CB69E8-4B6E-4EAF-8F8D-D415623C66E0}.Debug|x64.ActiveCfg = Debug|x64
		{52CB69E8-4B6E-4EAF-8F8D-D415623C66E0}.Debug|x64.Build.0 = Debug|x64
		{52CB69E8-4B6E-4EAF-8F8D-D415623C66E0}.Debug|x86.ActiveCfg = Debug|Win32
		{52CB69E8-4B6E-4EAF-8F8D-D415623C66E0}.Debug|x86.Build.0 = Debug|Win32
		{52CB69E8-4B6E-4EAF-8F8D-D415623C66E0}.Release|x64.ActiveCfg = Release|x64
		{52CB69E8-4B6E-4EAF-8F8D-D415623C66E0}.Release|x64.Build.0 = Release|x64
		{52CB69E8-4B6E-4EAF-8F8D-D415623C66E0}.Release|x86.ActiveCfg = Release|Win32
		{52CB69E8-4B6E-4EAF-8F8D-D415623C66E0}.Release|x86.Build.0 = Release|Win32
	EndGlobalSection
	GlobalSection(SolutionProperties) = preSolution
		HideSolutionNode = FALSE
	EndGlobalSection
	GlobalSection(ExtensibilityGlobals) = postSolution
		SolutionGuid = {7387E962-2054-4B09-9E0A-613E9195FA79}
	EndGlobalSection
EndGlobal
